
Microsoft Visual Studio Solution File, Format Version 12.00
# Visual Studio Version 16
VisualStudioVersion = 16.0.29424.173
MinimumVisualStudioVersion = 10.0.40219.1
Project("{FAE04EC0-301F-11D3-BF4B-00C04F79EFBC}") = "TestDocker", "TestDocker\TestDocker.csproj", "{0D95B735-176E-4A43-BE20-0F0CF93E5EDB}"
EndProject
Global
	GlobalSection(SolutionConfigurationPlatforms) = preSolution
		Debug|Any CPU = Debug|Any CPU
		Release|Any CPU = Release|Any CPU
	EndGlobalSection
	GlobalSection(ProjectConfigurationPlatforms) = postSolution
		{0D95B735-176E-4A43-BE20-0F0CF93E5EDB}.Debug|Any CPU.ActiveCfg = Debug|Any CPU
		{0D95B735-176E-4A43-BE20-0F0CF93E5EDB}.Debug|Any CPU.Build.0 = Debug|Any CPU
		{0D95B735-176E-4A43-BE20-0F0CF93E5EDB}.Release|Any CPU.ActiveCfg = Release|Any CPU
		{0D95B735-176E-4A43-BE20-0F0CF93E5EDB}.Release|Any CPU.Build.0 = Release|Any CPU
	EndGlobalSection
	GlobalSection(SolutionProperties) = preSolution
		HideSolutionNode = FALSE
	EndGlobalSection
	GlobalSection(ExtensibilityGlobals) = postSolution
		SolutionGuid = {C1D9B343-2160-44AD-BF43-800B8C0D807A}
	EndGlobalSection
EndGlobal
